{
  "name": "backendpreoject",
  "lockfileVersion": 3,
  "requires": true,
  "packages": {
    "": {
      "dependencies": {
        "nodemailer": "^6.9.15",
        "number-generator": "^4.0.6"
      }
    },
    "node_modules/nodemailer": {
      "version": "6.9.15",
      "resolved": "https://registry.npmjs.org/nodemailer/-/nodemailer-6.9.15.tgz",
      "integrity": "sha512-AHf04ySLC6CIfuRtRiEYtGEXgRfa6INgWGluDhnxTZhHSKvrBu7lc1VVchQ0d8nPc4cFaZoPq8vkyNoZr0TpGQ==",
      "engines": {
        "node": ">=6.0.0"
      }
    },
    "node_modules/number-generator": {
      "version": "4.0.6",
      "resolved": "https://registry.npmjs.org/number-generator/-/number-generator-4.0.6.tgz",
      "integrity": "sha512-ukd0L4kx6SshvxMJzQLmEMiztQ5JswpdHfIUirhj4Peno4zQOXSg1l38ZrmL/PvTZgsKAUwlwK7ix0/WZ54cLg==",
      "engines": {
        "node": ">=12"
      }
    }
  }
}
